// !$*UTF8*$!
{
	archiveVersion = 1;
	classes = {
	};
	objectVersion = 48;
	objects = {

/* Begin PBXBuildFile section */
		B4077D2D1F77F17F00CF3677 /* ViewController.m in Sources */ = {isa = PBXBuildFile; fileRef = B4077D2A1F77F14500CF3677 /* ViewController.m */; };
		B4077D301F77F1DD00CF3677 /* ViewControllerTableViewCell.m in Sources */ = {isa = PBXBuildFile; fileRef = B4077D2F1F77F1DD00CF3677 /* ViewControllerTableViewCell.m */; };
		B4077D3E1F780E9B00CF3677 /* AccountViewController.m in Sources */ = {isa = PBXBuildFile; fileRef = B4077D3D1F780E9B00CF3677 /* AccountViewController.m */; };
		B4141AD61F7BD750005C80AC /* AddAccountViewController.m in Sources */ = {isa = PBXBuildFile; fileRef = B4141AD41F7BD740005C80AC /* AddAccountViewController.m */; };
		B41D3F581F89532D00BFBD17 /* DataSource.m in Sources */ = {isa = PBXBuildFile; fileRef = B41D3F571F89532D00BFBD17 /* DataSource.m */; };
		B42A67231F77E1E4009CD08C /* AppDelegate.m in Sources */ = {isa = PBXBuildFile; fileRef = B42A67221F77E1E4009CD08C /* AppDelegate.m */; };
		B42A67291F77E1E4009CD08C /* Main.storyboard in Resources */ = {isa = PBXBuildFile; fileRef = B42A67271F77E1E4009CD08C /* Main.storyboard */; };
		B42A672B1F77E1E4009CD08C /* Assets.xcassets in Resources */ = {isa = PBXBuildFile; fileRef = B42A672A1F77E1E4009CD08C /* Assets.xcassets */; };
		B42A672E1F77E1E4009CD08C /* LaunchScreen.storyboard in Resources */ = {isa = PBXBuildFile; fileRef = B42A672C1F77E1E4009CD08C /* LaunchScreen.storyboard */; };
		B42A67311F77E1E4009CD08C /* main.m in Sources */ = {isa = PBXBuildFile; fileRef = B42A67301F77E1E4009CD08C /* main.m */; };
		B42A673B1F77E1E4009CD08C /* PasswordTests.m in Sources */ = {isa = PBXBuildFile; fileRef = B42A673A1F77E1E4009CD08C /* PasswordTests.m */; };
		B42A67461F77E1E4009CD08C /* PasswordUITests.m in Sources */ = {isa = PBXBuildFile; fileRef = B42A67451F77E1E4009CD08C /* PasswordUITests.m */; };
		B48794691F7E7F2400A60780 /* PhotoViewController.m in Sources */ = {isa = PBXBuildFile; fileRef = B48794601F7E7EF400A60780 /* PhotoViewController.m */; };
		B487946A1F7E7F2400A60780 /* CameraPhotoViewController.m in Sources */ = {isa = PBXBuildFile; fileRef = B48794631F7E7EF400A60780 /* CameraPhotoViewController.m */; };
		B487946B1F7E7F2400A60780 /* CameraPhotoCollectionViewCell.m in Sources */ = {isa = PBXBuildFile; fileRef = B48794661F7E7EF400A60780 /* CameraPhotoCollectionViewCell.m */; };
		B487946E1F7E8BB200A60780 /* Photos.framework in Frameworks */ = {isa = PBXBuildFile; fileRef = B487946D1F7E8BB200A60780 /* Photos.framework */; };
		B4F698491F8A2AE0002223DE /* MgCollectionViewCell.m in Sources */ = {isa = PBXBuildFile; fileRef = B4F698481F8A2AE0002223DE /* MgCollectionViewCell.m */; };
/* End PBXBuildFile section */

/* Begin PBXContainerItemProxy section */
		B42A67371F77E1E4009CD08C /* PBXContainerItemProxy */ = {
			isa = PBXContainerItemProxy;
			containerPortal = B42A67161F77E1E4009CD08C /* Project object */;
			proxyType = 1;
			remoteGlobalIDString = B42A671D1F77E1E4009CD08C;
			remoteInfo = Password;
		};
		B42A67421F77E1E4009CD08C /* PBXContainerItemProxy */ = {
			isa = PBXContainerItemProxy;
			containerPortal = B42A67161F77E1E4009CD08C /* Project object */;
			proxyType = 1;
			remoteGlobalIDString = B42A671D1F77E1E4009CD08C;
			remoteInfo = Password;
		};
/* End PBXContainerItemProxy section */

/* Begin PBXFileReference section */
		B4077D2A1F77F14500CF3677 /* ViewController.m */ = {isa = PBXFileReference; lastKnownFileType = sourcecode.c.objc; path = ViewController.m; sourceTree = "<group>"; };
		B4077D2B1F77F14500CF3677 /* ViewController.h */ = {isa = PBXFileReference; lastKnownFileType = sourcecode.c.h; path = ViewController.h; sourceTree = "<group>"; };
		B4077D2E1F77F1DD00CF3677 /* ViewControllerTableViewCell.h */ = {isa = PBXFileReference; lastKnownFileType = sourcecode.c.h; path = ViewControllerTableViewCell.h; sourceTree = "<group>"; };
		B4077D2F1F77F1DD00CF3677 /* ViewControllerTableViewCell.m */ = {isa = PBXFileReference; lastKnownFileType = sourcecode.c.objc; path = ViewControllerTableViewCell.m; sourceTree = "<group>"; };
		B4077D3C1F780E9B00CF3677 /* AccountViewController.h */ = {isa = PBXFileReference; lastKnownFileType = sourcecode.c.h; path = AccountViewController.h; sourceTree = "<group>"; };
		B4077D3D1F780E9B00CF3677 /* AccountViewController.m */ = {isa = PBXFileReference; lastKnownFileType = sourcecode.c.objc; path = AccountViewController.m; sourceTree = "<group>"; };
		B4141AD31F7BD740005C80AC /* AddAccountViewController.h */ = {isa = PBXFileReference; lastKnownFileType = sourcecode.c.h; path = AddAccountViewController.h; sourceTree = "<group>"; };
		B4141AD41F7BD740005C80AC /* AddAccountViewController.m */ = {isa = PBXFileReference; lastKnownFileType = sourcecode.c.objc; path = AddAccountViewController.m; sourceTree = "<group>"; };
		B41D3F561F89532D00BFBD17 /* DataSource.h */ = {isa = PBXFileReference; lastKnownFileType = sourcecode.c.h; path = DataSource.h; sourceTree = "<group>"; };
		B41D3F571F89532D00BFBD17 /* DataSource.m */ = {isa = PBXFileReference; lastKnownFileType = sourcecode.c.objc; path = DataSource.m; sourceTree = "<group>"; };
		B42A671E1F77E1E4009CD08C /* Password.app */ = {isa = PBXFileReference; explicitFileType = wrapper.application; includeInIndex = 0; path = Password.app; sourceTree = BUILT_PRODUCTS_DIR; };
		B42A67211F77E1E4009CD08C /* AppDelegate.h */ = {isa = PBXFileReference; lastKnownFileType = sourcecode.c.h; path = AppDelegate.h; sourceTree = "<group>"; };
		B42A67221F77E1E4009CD08C /* AppDelegate.m */ = {isa = PBXFileReference; lastKnownFileType = sourcecode.c.objc; path = AppDelegate.m; sourceTree = "<group>"; };
		B42A67281F77E1E4009CD08C /* Base */ = {isa = PBXFileReference; lastKnownFileType = file.storyboard; name = Base; path = Base.lproj/Main.storyboard; sourceTree = "<group>"; };
		B42A672A1F77E1E4009CD08C /* Assets.xcassets */ = {isa = PBXFileReference; lastKnownFileType = folder.assetcatalog; path = Assets.xcassets; sourceTree = "<group>"; };
		B42A672D1F77E1E4009CD08C /* Base */ = {isa = PBXFileReference; lastKnownFileType = file.storyboard; name = Base; path = Base.lproj/LaunchScreen.storyboard; sourceTree = "<group>"; };
		B42A672F1F77E1E4009CD08C /* Info.plist */ = {isa = PBXFileReference; lastKnownFileType = text.plist.xml; path = Info.plist; sourceTree = "<group>"; };
		B42A67301F77E1E4009CD08C /* main.m */ = {isa = PBXFileReference; lastKnownFileType = sourcecode.c.objc; path = main.m; sourceTree = "<group>"; };
		B42A67361F77E1E4009CD08C /* PasswordTests.xctest */ = {isa = PBXFileReference; explicitFileType = wrapper.cfbundle; includeInIndex = 0; path = PasswordTests.xctest; sourceTree = BUILT_PRODUCTS_DIR; };
		B42A673A1F77E1E4009CD08C /* PasswordTests.m */ = {isa = PBXFileReference; lastKnownFileType = sourcecode.c.objc; path = PasswordTests.m; sourceTree = "<group>"; };
		B42A673C1F77E1E4009CD08C /* Info.plist */ = {isa = PBXFileReference; lastKnownFileType = text.plist.xml; path = Info.plist; sourceTree = "<group>"; };
		B42A67411F77E1E4009CD08C /* PasswordUITests.xctest */ = {isa = PBXFileReference; explicitFileType = wrapper.cfbundle; includeInIndex = 0; path = PasswordUITests.xctest; sourceTree = BUILT_PRODUCTS_DIR; };
		B42A67451F77E1E4009CD08C /* PasswordUITests.m */ = {isa = PBXFileReference; lastKnownFileType = sourcecode.c.objc; path = PasswordUITests.m; sourceTree = "<group>"; };
		B42A67471F77E1E4009CD08C /* Info.plist */ = {isa = PBXFileReference; lastKnownFileType = text.plist.xml; path = Info.plist; sourceTree = "<group>"; };
		B487945F1F7E7EF400A60780 /* PhotoViewController.h */ = {isa = PBXFileReference; lastKnownFileType = sourcecode.c.h; path = PhotoViewController.h; sourceTree = "<group>"; };
		B48794601F7E7EF400A60780 /* PhotoViewController.m */ = {isa = PBXFileReference; lastKnownFileType = sourcecode.c.objc; path = PhotoViewController.m; sourceTree = "<group>"; };
		B48794631F7E7EF400A60780 /* CameraPhotoViewController.m */ = {isa = PBXFileReference; lastKnownFileType = sourcecode.c.objc; path = CameraPhotoViewController.m; sourceTree = "<group>"; };
		B48794641F7E7EF400A60780 /* CameraPhotoViewController.h */ = {isa = PBXFileReference; lastKnownFileType = sourcecode.c.h; path = CameraPhotoViewController.h; sourceTree = "<group>"; };
		B48794661F7E7EF400A60780 /* CameraPhotoCollectionViewCell.m */ = {isa = PBXFileReference; lastKnownFileType = sourcecode.c.objc; path = CameraPhotoCollectionViewCell.m; sourceTree = "<group>"; };
		B48794671F7E7EF400A60780 /* CameraPhotoCollectionViewCell.h */ = {isa = PBXFileReference; lastKnownFileType = sourcecode.c.h; path = CameraPhotoCollectionViewCell.h; sourceTree = "<group>"; };
		B487946D1F7E8BB200A60780 /* Photos.framework */ = {isa = PBXFileReference; lastKnownFileType = wrapper.framework; name = Photos.framework; path = System/Library/Frameworks/Photos.framework; sourceTree = SDKROOT; };
		B4F698471F8A2AE0002223DE /* MgCollectionViewCell.h */ = {isa = PBXFileReference; lastKnownFileType = sourcecode.c.h; path = MgCollectionViewCell.h; sourceTree = "<group>"; };
		B4F698481F8A2AE0002223DE /* MgCollectionViewCell.m */ = {isa = PBXFileReference; lastKnownFileType = sourcecode.c.objc; path = MgCollectionViewCell.m; sourceTree = "<group>"; };
/* End PBXFileReference section */

/* Begin PBXFrameworksBuildPhase section */
		B42A671B1F77E1E4009CD08C /* Frameworks */ = {
			isa = PBXFrameworksBuildPhase;
			buildActionMask = 2147483647;
			files = (
				B487946E1F7E8BB200A60780 /* Photos.framework in Frameworks */,
			);
			runOnlyForDeploymentPostprocessing = 0;
		};
		B42A67331F77E1E4009CD08C /* Frameworks */ = {
			isa = PBXFrameworksBuildPhase;
			buildActionMask = 2147483647;
			files = (
			);
			runOnlyForDeploymentPostprocessing = 0;
		};
		B42A673E1F77E1E4009CD08C /* Frameworks */ = {
			isa = PBXFrameworksBuildPhase;
			buildActionMask = 2147483647;
			files = (
			);
			runOnlyForDeploymentPostprocessing = 0;
		};
/* End PBXFrameworksBuildPhase section */

/* Begin PBXGroup section */
		B4077D211F77F0BF00CF3677 /* Classes */ = {
			isa = PBXGroup;
			children = (
				B4077D221F77F0BF00CF3677 /* Controller */,
				B4077D251F77F0BF00CF3677 /* View */,
				B4E781531F7D3F74001EB15C /* Other */,
			);
			path = Classes;
			sourceTree = "<group>";
		};
		B4077D221F77F0BF00CF3677 /* Controller */ = {
			isa = PBXGroup;
			children = (
				B4077D2B1F77F14500CF3677 /* ViewController.h */,
				B4077D2A1F77F14500CF3677 /* ViewController.m */,
				B4141AD11F7BD740005C80AC /* 添加账号 */,
				B4077D371F780E8500CF3677 /* 账号 */,
			);
			path = Controller;
			sourceTree = "<group>";
		};
		B4077D251F77F0BF00CF3677 /* View */ = {
			isa = PBXGroup;
			children = (
				B4077D2E1F77F1DD00CF3677 /* ViewControllerTableViewCell.h */,
				B4077D2F1F77F1DD00CF3677 /* ViewControllerTableViewCell.m */,
			);
			path = View;
			sourceTree = "<group>";
		};
		B4077D371F780E8500CF3677 /* 账号 */ = {
			isa = PBXGroup;
			children = (
				B4077D381F780E8500CF3677 /* Controller */,
				B4077D3B1F780E8500CF3677 /* View */,
			);
			path = "账号";
			sourceTree = "<group>";
		};
		B4077D381F780E8500CF3677 /* Controller */ = {
			isa = PBXGroup;
			children = (
				B4077D3C1F780E9B00CF3677 /* AccountViewController.h */,
				B4077D3D1F780E9B00CF3677 /* AccountViewController.m */,
			);
			path = Controller;
			sourceTree = "<group>";
		};
		B4077D3B1F780E8500CF3677 /* View */ = {
			isa = PBXGroup;
			children = (
			);
			path = View;
			sourceTree = "<group>";
		};
		B4141AD11F7BD740005C80AC /* 添加账号 */ = {
			isa = PBXGroup;
			children = (
				B4141AD21F7BD740005C80AC /* Controller */,
				B4141AD51F7BD740005C80AC /* View */,
			);
			path = "添加账号";
			sourceTree = "<group>";
		};
		B4141AD21F7BD740005C80AC /* Controller */ = {
			isa = PBXGroup;
			children = (
				B4141AD31F7BD740005C80AC /* AddAccountViewController.h */,
				B4141AD41F7BD740005C80AC /* AddAccountViewController.m */,
				B487945D1F7E7EF400A60780 /* 相册 */,
			);
			path = Controller;
			sourceTree = "<group>";
		};
		B4141AD51F7BD740005C80AC /* View */ = {
			isa = PBXGroup;
			children = (
				B4F698471F8A2AE0002223DE /* MgCollectionViewCell.h */,
				B4F698481F8A2AE0002223DE /* MgCollectionViewCell.m */,
			);
			path = View;
			sourceTree = "<group>";
		};
		B41D3F551F89530200BFBD17 /* Data */ = {
			isa = PBXGroup;
			children = (
				B41D3F561F89532D00BFBD17 /* DataSource.h */,
				B41D3F571F89532D00BFBD17 /* DataSource.m */,
			);
			path = Data;
			sourceTree = "<group>";
		};
		B42A67151F77E1E4009CD08C = {
			isa = PBXGroup;
			children = (
				B42A67201F77E1E4009CD08C /* Password */,
				B42A67391F77E1E4009CD08C /* PasswordTests */,
				B42A67441F77E1E4009CD08C /* PasswordUITests */,
				B42A671F1F77E1E4009CD08C /* Products */,
				B487946C1F7E8BB100A60780 /* Frameworks */,
			);
			sourceTree = "<group>";
		};
		B42A671F1F77E1E4009CD08C /* Products */ = {
			isa = PBXGroup;
			children = (
				B42A671E1F77E1E4009CD08C /* Password.app */,
				B42A67361F77E1E4009CD08C /* PasswordTests.xctest */,
				B42A67411F77E1E4009CD08C /* PasswordUITests.xctest */,
			);
			name = Products;
			sourceTree = "<group>";
		};
		B42A67201F77E1E4009CD08C /* Password */ = {
			isa = PBXGroup;
			children = (
				B42A67211F77E1E4009CD08C /* AppDelegate.h */,
				B42A67221F77E1E4009CD08C /* AppDelegate.m */,
				B4077D211F77F0BF00CF3677 /* Classes */,
				B42A67271F77E1E4009CD08C /* Main.storyboard */,
				B42A672A1F77E1E4009CD08C /* Assets.xcassets */,
				B42A672C1F77E1E4009CD08C /* LaunchScreen.storyboard */,
				B42A672F1F77E1E4009CD08C /* Info.plist */,
				B42A67301F77E1E4009CD08C /* main.m */,
			);
			path = Password;
			sourceTree = "<group>";
		};
		B42A67391F77E1E4009CD08C /* PasswordTests */ = {
			isa = PBXGroup;
			children = (
				B42A673A1F77E1E4009CD08C /* PasswordTests.m */,
				B42A673C1F77E1E4009CD08C /* Info.plist */,
			);
			path = PasswordTests;
			sourceTree = "<group>";
		};
		B42A67441F77E1E4009CD08C /* PasswordUITests */ = {
			isa = PBXGroup;
			children = (
				B42A67451F77E1E4009CD08C /* PasswordUITests.m */,
				B42A67471F77E1E4009CD08C /* Info.plist */,
			);
			path = PasswordUITests;
			sourceTree = "<group>";
		};
		B487945D1F7E7EF400A60780 /* 相册 */ = {
			isa = PBXGroup;
			children = (
				B487945E1F7E7EF400A60780 /* Controller */,
				B48794681F7E7EF400A60780 /* View */,
			);
			name = "相册";
			path = "../../../../../../TTChat/TTChat/Home/Controller/动态/Conrtoller/照片墙/Controller/相册";
			sourceTree = "<group>";
		};
		B487945E1F7E7EF400A60780 /* Controller */ = {
			isa = PBXGroup;
			children = (
				B487945F1F7E7EF400A60780 /* PhotoViewController.h */,
				B48794601F7E7EF400A60780 /* PhotoViewController.m */,
				B48794611F7E7EF400A60780 /* 相机照片 */,
			);
			path = Controller;
			sourceTree = "<group>";
		};
		B48794611F7E7EF400A60780 /* 相机照片 */ = {
			isa = PBXGroup;
			children = (
				B48794621F7E7EF400A60780 /* Controller */,
				B48794651F7E7EF400A60780 /* View */,
			);
			path = "相机照片";
			sourceTree = "<group>";
		};
		B48794621F7E7EF400A60780 /* Controller */ = {
			isa = PBXGroup;
			children = (
				B48794641F7E7EF400A60780 /* CameraPhotoViewController.h */,
				B48794631F7E7EF400A60780 /* CameraPhotoViewController.m */,
			);
			path = Controller;
			sourceTree = "<group>";
		};
		B48794651F7E7EF400A60780 /* View */ = {
			isa = PBXGroup;
			children = (
				B48794671F7E7EF400A60780 /* CameraPhotoCollectionViewCell.h */,
				B48794661F7E7EF400A60780 /* CameraPhotoCollectionViewCell.m */,
			);
			path = View;
			sourceTree = "<group>";
		};
		B48794681F7E7EF400A60780 /* View */ = {
			isa = PBXGroup;
			children = (
			);
			path = View;
			sourceTree = "<group>";
		};
		B487946C1F7E8BB100A60780 /* Frameworks */ = {
			isa = PBXGroup;
			children = (
				B487946D1F7E8BB200A60780 /* Photos.framework */,
			);
			name = Frameworks;
			sourceTree = "<group>";
		};
		B4E781531F7D3F74001EB15C /* Other */ = {
			isa = PBXGroup;
			children = (
				B41D3F551F89530200BFBD17 /* Data */,
				B4E781541F7D3F74001EB15C /* 第三方 */,
			);
			path = Other;
			sourceTree = "<group>";
		};
		B4E781541F7D3F74001EB15C /* 第三方 */ = {
			isa = PBXGroup;
			children = (
			);
			path = "第三方";
			sourceTree = "<group>";
		};
/* End PBXGroup section */

/* Begin PBXNativeTarget section */
		B42A671D1F77E1E4009CD08C /* Password */ = {
			isa = PBXNativeTarget;
			buildConfigurationList = B42A674A1F77E1E4009CD08C /* Build configuration list for PBXNativeTarget "Password" */;
			buildPhases = (
				B42A671A1F77E1E4009CD08C /* Sources */,
				B42A671B1F77E1E4009CD08C /* Frameworks */,
				B42A671C1F77E1E4009CD08C /* Resources */,
			);
			buildRules = (
			);
			dependencies = (
			);
			name = Password;
			productName = Password;
			productReference = B42A671E1F77E1E4009CD08C /* Password.app */;
			productType = "com.apple.product-type.application";
		};
		B42A67351F77E1E4009CD08C /* PasswordTests */ = {
			isa = PBXNativeTarget;
			buildConfigurationList = B42A674D1F77E1E4009CD08C /* Build configuration list for PBXNativeTarget "PasswordTests" */;
			buildPhases = (
				B42A67321F77E1E4009CD08C /* Sources */,
				B42A67331F77E1E4009CD08C /* Frameworks */,
				B42A67341F77E1E4009CD08C /* Resources */,
			);
			buildRules = (
			);
			dependencies = (
				B42A67381F77E1E4009CD08C /* PBXTargetDependency */,
			);
			name = PasswordTests;
			productName = PasswordTests;
			productReference = B42A67361F77E1E4009CD08C /* PasswordTests.xctest */;
			productType = "com.apple.product-type.bundle.unit-test";
		};
		B42A67401F77E1E4009CD08C /* PasswordUITests */ = {
			isa = PBXNativeTarget;
			buildConfigurationList = B42A67501F77E1E4009CD08C /* Build configuration list for PBXNativeTarget "PasswordUITests" */;
			buildPhases = (
				B42A673D1F77E1E4009CD08C /* Sources */,
				B42A673E1F77E1E4009CD08C /* Frameworks */,
				B42A673F1F77E1E4009CD08C /* Resources */,
			);
			buildRules = (
			);
			dependencies = (
				B42A67431F77E1E4009CD08C /* PBXTargetDependency */,
			);
			name = PasswordUITests;
			productName = PasswordUITests;
			productReference = B42A67411F77E1E4009CD08C /* PasswordUITests.xctest */;
			productType = "com.apple.product-type.bundle.ui-testing";
		};
/* End PBXNativeTarget section */

/* Begin PBXProject section */
		B42A67161F77E1E4009CD08C /* Project object */ = {
			isa = PBXProject;
			attributes = {
				LastUpgradeCheck = 0900;
				ORGANIZATIONNAME = "詹强辉";
				TargetAttributes = {
					B42A671D1F77E1E4009CD08C = {
						CreatedOnToolsVersion = 9.0;
						ProvisioningStyle = Automatic;
					};
					B42A67351F77E1E4009CD08C = {
						CreatedOnToolsVersion = 9.0;
						ProvisioningStyle = Automatic;
						TestTargetID = B42A671D1F77E1E4009CD08C;
					};
					B42A67401F77E1E4009CD08C = {
						CreatedOnToolsVersion = 9.0;
						ProvisioningStyle = Automatic;
						TestTargetID = B42A671D1F77E1E4009CD08C;
					};
				};
			};
			buildConfigurationList = B42A67191F77E1E4009CD08C /* Build configuration list for PBXProject "Password" */;
			compatibilityVersion = "Xcode 8.0";
			developmentRegion = en;
			hasScannedForEncodings = 0;
			knownRegions = (
				en,
				Base,
			);
			mainGroup = B42A67151F77E1E4009CD08C;
			productRefGroup = B42A671F1F77E1E4009CD08C /* Products */;
			projectDirPath = "";
			projectRoot = "";
			targets = (
				B42A671D1F77E1E4009CD08C /* Password */,
				B42A67351F77E1E4009CD08C /* PasswordTests */,
				B42A67401F77E1E4009CD08C /* PasswordUITests */,
			);
		};
/* End PBXProject section */

/* Begin PBXResourcesBuildPhase section */
		B42A671C1F77E1E4009CD08C /* Resources */ = {
			isa = PBXResourcesBuildPhase;
			buildActionMask = 2147483647;
			files = (
				B42A672E1F77E1E4009CD08C /* LaunchScreen.storyboard in Resources */,
				B42A672B1F77E1E4009CD08C /* Assets.xcassets in Resources */,
				B42A67291F77E1E4009CD08C /* Main.storyboard in Resources */,
			);
			runOnlyForDeploymentPostprocessing = 0;
		};
		B42A67341F77E1E4009CD08C /* Resources */ = {
			isa = PBXResourcesBuildPhase;
			buildActionMask = 2147483647;
			files = (
			);
			runOnlyForDeploymentPostprocessing = 0;
		};
		B42A673F1F77E1E4009CD08C /* Resources */ = {
			isa = PBXResourcesBuildPhase;
			buildActionMask = 2147483647;
			files = (
			);
			runOnlyForDeploymentPostprocessing = 0;
		};
/* End PBXResourcesBuildPhase section */

/* Begin PBXSourcesBuildPhase section */
		B42A671A1F77E1E4009CD08C /* Sources */ = {
			isa = PBXSourcesBuildPhase;
			buildActionMask = 2147483647;
			files = (
				B4F698491F8A2AE0002223DE /* MgCollectionViewCell.m in Sources */,
				B48794691F7E7F2400A60780 /* PhotoViewController.m in Sources */,
				B487946A1F7E7F2400A60780 /* CameraPhotoViewController.m in Sources */,
				B487946B1F7E7F2400A60780 /* CameraPhotoCollectionViewCell.m in Sources */,
				B4141AD61F7BD750005C80AC /* AddAccountViewController.m in Sources */,
				B4077D2D1F77F17F00CF3677 /* ViewController.m in Sources */,
				B42A67311F77E1E4009CD08C /* main.m in Sources */,
				B41D3F581F89532D00BFBD17 /* DataSource.m in Sources */,
				B4077D301F77F1DD00CF3677 /* ViewControllerTableViewCell.m in Sources */,
				B42A67231F77E1E4009CD08C /* AppDelegate.m in Sources */,
				B4077D3E1F780E9B00CF3677 /* AccountViewController.m in Sources */,
			);
			runOnlyForDeploymentPostprocessing = 0;
		};
		B42A67321F77E1E4009CD08C /* Sources */ = {
			isa = PBXSourcesBuildPhase;
			buildActionMask = 2147483647;
			files = (
				B42A673B1F77E1E4009CD08C /* PasswordTests.m in Sources */,
			);
			runOnlyForDeploymentPostprocessing = 0;
		};
		B42A673D1F77E1E4009CD08C /* Sources */ = {
			isa = PBXSourcesBuildPhase;
			buildActionMask = 2147483647;
			files = (
				B42A67461F77E1E4009CD08C /* PasswordUITests.m in Sources */,
			);
			runOnlyForDeploymentPostprocessing = 0;
		};
/* End PBXSourcesBuildPhase section */

/* Begin PBXTargetDependency section */
		B42A67381F77E1E4009CD08C /* PBXTargetDependency */ = {
			isa = PBXTargetDependency;
			target = B42A671D1F77E1E4009CD08C /* Password */;
			targetProxy = B42A67371F77E1E4009CD08C /* PBXContainerItemProxy */;
		};
		B42A67431F77E1E4009CD08C /* PBXTargetDependency */ = {
			isa = PBXTargetDependency;
			target = B42A671D1F77E1E4009CD08C /* Password */;
			targetProxy = B42A67421F77E1E4009CD08C /* PBXContainerItemProxy */;
		};
/* End PBXTargetDependency section */

/* Begin PBXVariantGroup section */
		B42A67271F77E1E4009CD08C /* Main.storyboard */ = {
			isa = PBXVariantGroup;
			children = (
				B42A67281F77E1E4009CD08C /* Base */,
			);
			name = Main.storyboard;
			sourceTree = "<group>";
		};
		B42A672C1F77E1E4009CD08C /* LaunchScreen.storyboard */ = {
			isa = PBXVariantGroup;
			children = (
				B42A672D1F77E1E4009CD08C /* Base */,
			);
			name = LaunchScreen.storyboard;
			sourceTree = "<group>";
		};
/* End PBXVariantGroup section */

/* Begin XCBuildConfiguration section */
		B42A67481F77E1E4009CD08C /* Debug */ = {
			isa = XCBuildConfiguration;
			buildSettings = {
				ALWAYS_SEARCH_USER_PATHS = NO;
				CLANG_ANALYZER_NONNULL = YES;
				CLANG_ANALYZER_NUMBER_OBJECT_CONVERSION = YES_AGGRESSIVE;
				CLANG_CXX_LANGUAGE_STANDARD = "gnu++14";
				CLANG_CXX_LIBRARY = "libc++";
				CLANG_ENABLE_MODULES = YES;
				CLANG_ENABLE_OBJC_ARC = YES;
				CLANG_WARN_BLOCK_CAPTURE_AUTORELEASING = YES;
				CLANG_WARN_BOOL_CONVERSION = YES;
				CLANG_WARN_COMMA = YES;
				CLANG_WARN_CONSTANT_CONVERSION = YES;
				CLANG_WARN_DIRECT_OBJC_ISA_USAGE = YES_ERROR;
				CLANG_WARN_DOCUMENTATION_COMMENTS = YES;
				CLANG_WARN_EMPTY_BODY = YES;
				CLANG_WARN_ENUM_CONVERSION = YES;
				CLANG_WARN_INFINITE_RECURSION = YES;
				CLANG_WARN_INT_CONVERSION = YES;
				CLANG_WARN_NON_LITERAL_NULL_CONVERSION = YES;
				CLANG_WARN_OBJC_LITERAL_CONVERSION = YES;
				CLANG_WARN_OBJC_ROOT_CLASS = YES_ERROR;
				CLANG_WARN_RANGE_LOOP_ANALYSIS = YES;
				CLANG_WARN_STRICT_PROTOTYPES = YES;
				CLANG_WARN_SUSPICIOUS_MOVE = YES;
				CLANG_WARN_UNGUARDED_AVAILABILITY = YES_AGGRESSIVE;
				CLANG_WARN_UNREACHABLE_CODE = YES;
				CLANG_WARN__DUPLICATE_METHOD_MATCH = YES;
				CODE_SIGN_IDENTITY = "iPhone Developer";
				COPY_PHASE_STRIP = NO;
				DEBUG_INFORMATION_FORMAT = dwarf;
				ENABLE_STRICT_OBJC_MSGSEND = YES;
				ENABLE_TESTABILITY = YES;
				FRAMEWORK_SEARCH_PATHS = "$(PLATFORM_DIR)/Developer/Library/Frameworks ";
				GCC_C_LANGUAGE_STANDARD = gnu11;
				GCC_DYNAMIC_NO_PIC = NO;
				GCC_NO_COMMON_BLOCKS = YES;
				GCC_OPTIMIZATION_LEVEL = 0;
				GCC_PREPROCESSOR_DEFINITIONS = (
					"DEBUG=1",
					"$(inherited)",
				);
				GCC_WARN_64_TO_32_BIT_CONVERSION = YES;
				GCC_WARN_ABOUT_RETURN_TYPE = YES_ERROR;
				GCC_WARN_UNDECLARED_SELECTOR = YES;
				GCC_WARN_UNINITIALIZED_AUTOS = YES_AGGRESSIVE;
				GCC_WARN_UNUSED_FUNCTION = YES;
				GCC_WARN_UNUSED_VARIABLE = YES;
				IPHONEOS_DEPLOYMENT_TARGET = 8.0;
				MTL_ENABLE_DEBUG_INFO = YES;
				ONLY_ACTIVE_ARCH = YES;
				SDKROOT = iphoneos;
			};
			name = Debug;
		};
		B42A67491F77E1E4009CD08C /* Release */ = {
			isa = XCBuildConfiguration;
			buildSettings = {
				ALWAYS_SEARCH_USER_PATHS = NO;
				CLANG_ANALYZER_NONNULL = YES;
				CLANG_ANALYZER_NUMBER_OBJECT_CONVERSION = YES_AGGRESSIVE;
				CLANG_CXX_LANGUAGE_STANDARD = "gnu++14";
				CLANG_CXX_LIBRARY = "libc++";
				CLANG_ENABLE_MODULES = YES;
				CLANG_ENABLE_OBJC_ARC = YES;
				CLANG_WARN_BLOCK_CAPTURE_AUTORELEASING = YES;
				CLANG_WARN_BOOL_CONVERSION = YES;
				CLANG_WARN_COMMA = YES;
				CLANG_WARN_CONSTANT_CONVERSION = YES;
				CLANG_WARN_DIRECT_OBJC_ISA_USAGE = YES_ERROR;
				CLANG_WARN_DOCUMENTATION_COMMENTS = YES;
				CLANG_WARN_EMPTY_BODY = YES;
				CLANG_WARN_ENUM_CONVERSION = YES;
				CLANG_WARN_INFINITE_RECURSION = YES;
				CLANG_WARN_INT_CONVERSION = YES;
				CLANG_WARN_NON_LITERAL_NULL_CONVERSION = YES;
				CLANG_WARN_OBJC_LITERAL_CONVERSION = YES;
				CLANG_WARN_OBJC_ROOT_CLASS = YES_ERROR;
				CLANG_WARN_RANGE_LOOP_ANALYSIS = YES;
				CLANG_WARN_STRICT_PROTOTYPES = YES;
				CLANG_WARN_SUSPICIOUS_MOVE = YES;
				CLANG_WARN_UNGUARDED_AVAILABILITY = YES_AGGRESSIVE;
				CLANG_WARN_UNREACHABLE_CODE = YES;
				CLANG_WARN__DUPLICATE_METHOD_MATCH = YES;
				CODE_SIGN_IDENTITY = "iPhone Developer";
				COPY_PHASE_STRIP = NO;
				DEBUG_INFORMATION_FORMAT = "dwarf-with-dsym";
				ENABLE_NS_ASSERTIONS = NO;
				ENABLE_STRICT_OBJC_MSGSEND = YES;
				FRAMEWORK_SEARCH_PATHS = "$(PLATFORM_DIR)/Developer/Library/Frameworks ";
				GCC_C_LANGUAGE_STANDARD = gnu11;
				GCC_NO_COMMON_BLOCKS = YES;
				GCC_WARN_64_TO_32_BIT_CONVERSION = YES;
				GCC_WARN_ABOUT_RETURN_TYPE = YES_ERROR;
				GCC_WARN_UNDECLARED_SELECTOR = YES;
				GCC_WARN_UNINITIALIZED_AUTOS = YES_AGGRESSIVE;
				GCC_WARN_UNUSED_FUNCTION = YES;
				GCC_WARN_UNUSED_VARIABLE = YES;
				IPHONEOS_DEPLOYMENT_TARGET = 8.0;
				MTL_ENABLE_DEBUG_INFO = NO;
				SDKROOT = iphoneos;
				VALIDATE_PRODUCT = YES;
			};
			name = Release;
		};
		B42A674B1F77E1E4009CD08C /* Debug */ = {
			isa = XCBuildConfiguration;
			buildSettings = {
				ASSETCATALOG_COMPILER_APPICON_NAME = AppIcon;
				CODE_SIGN_STYLE = Automatic;
				DEVELOPMENT_TEAM = KJUJHE82B8;
				FRAMEWORK_SEARCH_PATHS = "";
				INFOPLIST_FILE = Password/Info.plist;
				IPHONEOS_DEPLOYMENT_TARGET = 9.0;
				LD_RUNPATH_SEARCH_PATHS = "$(inherited) @executable_path/Frameworks";
				PRODUCT_BUNDLE_IDENTIFIER = com.xianceduoxuan.Password;
				PRODUCT_NAME = "$(TARGET_NAME)";
				TARGETED_DEVICE_FAMILY = "1,2";
			};
			name = Debug;
		};
		B42A674C1F77E1E4009CD08C /* Release */ = {
			isa = XCBuildConfiguration;
			buildSettings = {
				ASSETCATALOG_COMPILER_APPICON_NAME = AppIcon;
				CODE_SIGN_STYLE = Automatic;
				DEVELOPMENT_TEAM = KJUJHE82B8;
				FRAMEWORK_SEARCH_PATHS = "";
				INFOPLIST_FILE = Password/Info.plist;
				IPHONEOS_DEPLOYMENT_TARGET = 9.0;
				LD_RUNPATH_SEARCH_PATHS = "$(inherited) @executable_path/Frameworks";
				PRODUCT_BUNDLE_IDENTIFIER = com.xianceduoxuan.Password;
				PRODUCT_NAME = "$(TARGET_NAME)";
				TARGETED_DEVICE_FAMILY = "1,2";
			};
			name = Release;
		};
		B42A674E1F77E1E4009CD08C /* Debug */ = {
			isa = XCBuildConfiguration;
			buildSettings = {
				BUNDLE_LOADER = "$(TEST_HOST)";
				CODE_SIGN_STYLE = Automatic;
				DEVELOPMENT_TEAM = KJUJHE82B8;
				INFOPLIST_FILE = PasswordTests/Info.plist;
				LD_RUNPATH_SEARCH_PATHS = "$(inherited) @executable_path/Frameworks @loader_path/Frameworks";
				PRODUCT_BUNDLE_IDENTIFIER = com.xianceduoxuan.PasswordTests;
				PRODUCT_NAME = "$(TARGET_NAME)";
				TARGETED_DEVICE_FAMILY = "1,2";
				TEST_HOST = "$(BUILT_PRODUCTS_DIR)/Password.app/Password";
			};
			name = Debug;
		};
		B42A674F1F77E1E4009CD08C /* Release */ = {
			isa = XCBuildConfiguration;
			buildSettings = {
				BUNDLE_LOADER = "$(TEST_HOST)";
				CODE_SIGN_STYLE = Automatic;
				DEVELOPMENT_TEAM = KJUJHE82B8;
				INFOPLIST_FILE = PasswordTests/Info.plist;
				LD_RUNPATH_SEARCH_PATHS = "$(inherited) @executable_path/Frameworks @loader_path/Frameworks";
				PRODUCT_BUNDLE_IDENTIFIER = com.xianceduoxuan.PasswordTests;
				PRODUCT_NAME = "$(TARGET_NAME)";
				TARGETED_DEVICE_FAMILY = "1,2";
				TEST_HOST = "$(BUILT_PRODUCTS_DIR)/Password.app/Password";
			};
			name = Release;
		};
		B42A67511F77E1E4009CD08C /* Debug */ = {
			isa = XCBuildConfiguration;
			buildSettings = {
				CODE_SIGN_STYLE = Automatic;
				DEVELOPMENT_TEAM = KJUJHE82B8;
				INFOPLIST_FILE = PasswordUITests/Info.plist;
				LD_RUNPATH_SEARCH_PATHS = "$(inherited) @executable_path/Frameworks @loader_path/Frameworks";
				PRODUCT_BUNDLE_IDENTIFIER = com.xianceduoxuan.PasswordUITests;
				PRODUCT_NAME = "$(TARGET_NAME)";
				TARGETED_DEVICE_FAMILY = "1,2";
				TEST_TARGET_NAME = Password;
			};
			name = Debug;
		};
		B42A67521F77E1E4009CD08C /* Release */ = {
			isa = XCBuildConfiguration;
			buildSettings = {
				CODE_SIGN_STYLE = Automatic;
				DEVELOPMENT_TEAM = KJUJHE82B8;
				INFOPLIST_FILE = PasswordUITests/Info.plist;
				LD_RUNPATH_SEARCH_PATHS = "$(inherited) @executable_path/Frameworks @loader_path/Frameworks";
				PRODUCT_BUNDLE_IDENTIFIER = com.xianceduoxuan.PasswordUITests;
				PRODUCT_NAME = "$(TARGET_NAME)";
				TARGETED_DEVICE_FAMILY = "1,2";
				TEST_TARGET_NAME = Password;
			};
			name = Release;
		};
/* End XCBuildConfiguration section */

/* Begin XCConfigurationList section */
		B42A67191F77E1E4009CD08C /* Build configuration list for PBXProject "Password" */ = {
			isa = XCConfigurationList;
			buildConfigurations = (
				B42A67481F77E1E4009CD08C /* Debug */,
				B42A67491F77E1E4009CD08C /* Release */,
			);
			defaultConfigurationIsVisible = 0;
			defaultConfigurationName = Release;
		};
		B42A674A1F77E1E4009CD08C /* Build configuration list for PBXNativeTarget "Password" */ = {
			isa = XCConfigurationList;
			buildConfigurations = (
				B42A674B1F77E1E4009CD08C /* Debug */,
				B42A674C1F77E1E4009CD08C /* Release */,
			);
			defaultConfigurationIsVisible = 0;
			defaultConfigurationName = Release;
		};
		B42A674D1F77E1E4009CD08C /* Build configuration list for PBXNativeTarget "PasswordTests" */ = {
			isa = XCConfigurationList;
			buildConfigurations = (
				B42A674E1F77E1E4009CD08C /* Debug */,
				B42A674F1F77E1E4009CD08C /* Release */,
			);
			defaultConfigurationIsVisible = 0;
			defaultConfigurationName = Release;
		};
		B42A67501F77E1E4009CD08C /* Build configuration list for PBXNativeTarget "PasswordUITests" */ = {
			isa = XCConfigurationList;
			buildConfigurations = (
				B42A67511F77E1E4009CD08C /* Debug */,
				B42A67521F77E1E4009CD08C /* Release */,
			);
			defaultConfigurationIsVisible = 0;
			defaultConfigurationName = Release;
		};
/* End XCConfigurationList section */
	};
	rootObject = B42A67161F77E1E4009CD08C /* Project object */;
}
